
Microsoft Visual Studio Solution File, Format Version 12.00
# Visual Studio Version 17
VisualStudioVersion = 17.8.34408.163
MinimumVisualStudioVersion = 10.0.40219.1
Project("{9A19103F-16F7-4668-BE54-9A1E7A4F7556}") = "EventCalendar", "EventCalendar.csproj", "{085CA073-35A3-4CC9-B6F0-7F2296B2F913}"
EndProject
Global
	GlobalSection(SolutionConfigurationPlatforms) = preSolution
		Debug|Any CPU = Debug|Any CPU
		Release|Any CPU = Release|Any CPU
	EndGlobalSection
	GlobalSection(ProjectConfigurationPlatforms) = postSolution
		{085CA073-35A3-4CC9-B6F0-7F2296B2F913}.Debug|Any CPU.ActiveCfg = Debug|Any CPU
		{085CA073-35A3-4CC9-B6F0-7F2296B2F913}.Debug|Any CPU.Build.0 = Debug|Any CPU
		{085CA073-35A3-4CC9-B6F0-7F2296B2F913}.Release|Any CPU.ActiveCfg = Release|Any CPU
		{085CA073-35A3-4CC9-B6F0-7F2296B2F913}.Release|Any CPU.Build.0 = Release|Any CPU
	EndGlobalSection
	GlobalSection(SolutionProperties) = preSolution
		HideSolutionNode = FALSE
	EndGlobalSection
	GlobalSection(ExtensibilityGlobals) = postSolution
		SolutionGuid = {B632C40E-4E07-44A2-887B-DC8CE4E79282}
	EndGlobalSection
EndGlobal
