
Microsoft Visual Studio Solution File, Format Version 12.00
# Visual Studio Version 17
VisualStudioVersion = 17.11.35327.3
MinimumVisualStudioVersion = 10.0.40219.1
Project("{FAE04EC0-301F-11D3-BF4B-00C04F79EFBC}") = "RPGInventory", "RPGInventory.csproj", "{112E1FCF-7714-401C-B5B2-A32D8C9A428E}"
EndProject
Global
	GlobalSection(SolutionConfigurationPlatforms) = preSolution
		Debug|Any CPU = Debug|Any CPU
		Release|Any CPU = Release|Any CPU
	EndGlobalSection
	GlobalSection(ProjectConfigurationPlatforms) = postSolution
		{112E1FCF-7714-401C-B5B2-A32D8C9A428E}.Debug|Any CPU.ActiveCfg = Debug|Any CPU
		{112E1FCF-7714-401C-B5B2-A32D8C9A428E}.Debug|Any CPU.Build.0 = Debug|Any CPU
		{112E1FCF-7714-401C-B5B2-A32D8C9A428E}.Release|Any CPU.ActiveCfg = Release|Any CPU
		{112E1FCF-7714-401C-B5B2-A32D8C9A428E}.Release|Any CPU.Build.0 = Release|Any CPU
	EndGlobalSection
	GlobalSection(SolutionProperties) = preSolution
		HideSolutionNode = FALSE
	EndGlobalSection
	GlobalSection(ExtensibilityGlobals) = postSolution
		SolutionGuid = {16C24A0E-6625-44C1-AD07-34693F97CE7B}
	EndGlobalSection
EndGlobal
